
Microsoft Visual Studio Solution File, Format Version 12.00
# Visual Studio Version 16
VisualStudioVersion = 16.0.29926.136
MinimumVisualStudioVersion = 10.0.40219.1
Project("{FAE04EC0-301F-11D3-BF4B-00C04F79EFBC}") = "01_MainSubjects", "01_MainSubjects\01_MainSubjects.csproj", "{CC74213A-F7CF-4DE2-B7D4-B5E2217B00DE}"
EndProject
Project("{FAE04EC0-301F-11D3-BF4B-00C04F79EFBC}") = "02_Variables", "02_Variables\02_Variables.csproj", "{782C4B04-33FD-4A26-A721-61C8D76AAC59}"
EndProject
Project("{FAE04EC0-301F-11D3-BF4B-00C04F79EFBC}") = "03_MakingDecision", "03_MakingDecision\03_MakingDecision.csproj", "{9ADE3F6A-9D55-4C36-85D7-17FD8DAF23C0}"
EndProject
Global
	GlobalSection(SolutionConfigurationPlatforms) = preSolution
		Debug|Any CPU = Debug|Any CPU
		Release|Any CPU = Release|Any CPU
	EndGlobalSection
	GlobalSection(ProjectConfigurationPlatforms) = postSolution
		{CC74213A-F7CF-4DE2-B7D4-B5E2217B00DE}.Debug|Any CPU.ActiveCfg = Debug|Any CPU
		{CC74213A-F7CF-4DE2-B7D4-B5E2217B00DE}.Debug|Any CPU.Build.0 = Debug|Any CPU
		{CC74213A-F7CF-4DE2-B7D4-B5E2217B00DE}.Release|Any CPU.ActiveCfg = Release|Any CPU
		{CC74213A-F7CF-4DE2-B7D4-B5E2217B00DE}.Release|Any CPU.Build.0 = Release|Any CPU
		{782C4B04-33FD-4A26-A721-61C8D76AAC59}.Debug|Any CPU.ActiveCfg = Debug|Any CPU
		{782C4B04-33FD-4A26-A721-61C8D76AAC59}.Debug|Any CPU.Build.0 = Debug|Any CPU
		{782C4B04-33FD-4A26-A721-61C8D76AAC59}.Release|Any CPU.ActiveCfg = Release|Any CPU
		{782C4B04-33FD-4A26-A721-61C8D76AAC59}.Release|Any CPU.Build.0 = Release|Any CPU
		{9ADE3F6A-9D55-4C36-85D7-17FD8DAF23C0}.Debug|Any CPU.ActiveCfg = Debug|Any CPU
		{9ADE3F6A-9D55-4C36-85D7-17FD8DAF23C0}.Debug|Any CPU.Build.0 = Debug|Any CPU
		{9ADE3F6A-9D55-4C36-85D7-17FD8DAF23C0}.Release|Any CPU.ActiveCfg = Release|Any CPU
		{9ADE3F6A-9D55-4C36-85D7-17FD8DAF23C0}.Release|Any CPU.Build.0 = Release|Any CPU
	EndGlobalSection
	GlobalSection(SolutionProperties) = preSolution
		HideSolutionNode = FALSE
	EndGlobalSection
	GlobalSection(ExtensibilityGlobals) = postSolution
		SolutionGuid = {9F4E4388-7502-452D-A2B7-08FE1AAE27BB}
	EndGlobalSection
EndGlobal
